<?xml version="1.0" encoding="utf-8"?>
<Project ToolsVersion="4.0" xmlns="http://schemas.microsoft.com/developer/msbuild/2003">
  <ItemGroup>
    <ClInclude Include="Application.h" />
    <ClInclude Include="Gameplay\GameInstance.h" />
    <ClInclude Include="GameTime.h" />
    <ClInclude Include="Maths\Alias.h" />
    <ClInclude Include="Maths\Maths.h" />
    <ClInclude Include="Maths\Color.h" />
    <ClInclude Include="Maths\Matrix3.h" />
    <ClInclude Include="Maths\Matrix4.h" />
    <ClInclude Include="Maths\Vector2.h" />
    <ClInclude Include="Maths\Vector3.h" />
    <ClInclude Include="Maths\Vector4.h" />
    <ClInclude Include="pch.h" />
    <ClInclude Include="Graphics\Renderer.h" />
    <ClInclude Include="Utility\Config.h" />
    <ClInclude Include="Utility\Version.h" />
    <ClInclude Include="Window.h" />
    <ClInclude Include="Graphics\Rendering\Shader.h" />
    <ClInclude Include="Graphics\Rendering\Mesh.h" />
    <ClInclude Include="Graphics\Rendering\Uniforms.h" />
    <ClInclude Include="Graphics\Rendering\Texture.h" />
    <ClInclude Include="Gameplay\Actors\Actor.h" />
    <ClInclude Include="Gameplay\Actors\Transform.h" />
    <ClInclude Include="Gameplay\Actors\Components\IComponent.h" />
    <ClInclude Include="Gameplay\Actors\Components\Rendering\MeshComponent.h" />
    <ClInclude Include="Gameplay\Actors\World.h" />
    <ClInclude Include="Graphics\Rendering\GraphicsPipeline.h" />
    <ClInclude Include="Utility\Console.h" />
    <ClInclude Include="Utility\EnumHelpers.h" />
    <ClInclude Include="Graphics\Rendering\Material.h" />
    <ClInclude Include="Utility\ResourceStack.h" />
    <ClInclude Include="Graphics\Vulkan\Vulkan.h" />
  </ItemGroup>
  <ItemGroup>
    <ClCompile Include="Application.cpp" />
    <ClCompile Include="GameTime.cpp" />
    <ClCompile Include="Maths\Maths.cpp" />
    <ClCompile Include="Maths\Color.cpp" />
    <ClCompile Include="Maths\Matrix3.cpp" />
    <ClCompile Include="Maths\Matrix4.cpp" />
    <ClCompile Include="Maths\Vector2.cpp" />
    <ClCompile Include="Maths\Vector3.cpp" />
    <ClCompile Include="Maths\Vector4.cpp" />
    <ClCompile Include="pch.cpp" />
    <ClCompile Include="Graphics\Renderer.cpp" />
    <ClCompile Include="Utility\Config.cpp" />
    <ClCompile Include="Utility\Version.cpp" />
    <ClCompile Include="Window.cpp" />
    <ClCompile Include="Graphics\Rendering\Shader.cpp" />
    <ClCompile Include="Graphics\Rendering\Mesh.cpp" />
    <ClCompile Include="Graphics\Rendering\Texture.cpp" />
    <ClCompile Include="Gameplay\Actors\Actor.cpp" />
    <ClCompile Include="Gameplay\Actors\Transform.cpp" />
    <ClCompile Include="Gameplay\Actors\Components\Rendering\MeshComponent.cpp" />
    <ClCompile Include="Gameplay\Actors\World.cpp" />
    <ClCompile Include="Gameplay\GameInstance.cpp" />
    <ClCompile Include="Graphics\Rendering\GraphicsPipeline.cpp" />
    <ClCompile Include="Utility\Console.cpp" />
    <ClCompile Include="Graphics\Rendering\Material.cpp" />
    <ClCompile Include="Utility\ResourceStack.cpp" />
    <ClCompile Include="Graphics\Vulkan\Vulkan.cpp" />
  </ItemGroup>
</Project>