<?xml version="1.0" encoding="utf-8"?>
<Project ToolsVersion="4.0" xmlns="http://schemas.microsoft.com/developer/msbuild/2003">
  <ItemGroup>
    <ClInclude Include="Application.h" />
    <ClInclude Include="GameInstance.h" />
    <ClInclude Include="GameTime.h" />
    <ClInclude Include="Maths\Alias.h" />
    <ClInclude Include="Maths\Maths.h" />
    <ClInclude Include="Maths\Color.h" />
    <ClInclude Include="Maths\Matrix3.h" />
    <ClInclude Include="Maths\Matrix4.h" />
    <ClInclude Include="Maths\Vector2.h" />
    <ClInclude Include="Maths\Vector3.h" />
    <ClInclude Include="Maths\Vector4.h" />
    <ClInclude Include="pch.h" />
    <ClInclude Include="Renderer.h" />
    <ClInclude Include="Utility\Config.h" />
    <ClInclude Include="Utility\Version.h" />
    <ClInclude Include="VulkanHelpers\Buffer.h" />
    <ClInclude Include="VulkanHelpers\Common.h" />
    <ClInclude Include="VulkanHelpers\Structs.h" />
    <ClInclude Include="VulkanHelpers\Vulkan.h" />
    <ClInclude Include="Window.h" />
    <ClInclude Include="Rendering\Shader.h" />
    <ClInclude Include="Rendering\Mesh.h" />
  </ItemGroup>
  <ItemGroup>
    <ClCompile Include="Application.cpp" />
    <ClCompile Include="GameTime.cpp" />
    <ClCompile Include="Maths\Maths.cpp" />
    <ClCompile Include="Maths\Color.cpp" />
    <ClCompile Include="Maths\Matrix3.cpp" />
    <ClCompile Include="Maths\Matrix4.cpp" />
    <ClCompile Include="Maths\Vector2.cpp" />
    <ClCompile Include="Maths\Vector3.cpp" />
    <ClCompile Include="Maths\Vector4.cpp" />
    <ClCompile Include="pch.cpp" />
    <ClCompile Include="Renderer.cpp" />
    <ClCompile Include="Utility\Config.cpp" />
    <ClCompile Include="Utility\Version.cpp" />
    <ClCompile Include="VulkanHelpers\Buffer.cpp" />
    <ClCompile Include="VulkanHelpers\Vulkan.cpp" />
    <ClCompile Include="Window.cpp" />
    <ClCompile Include="Rendering\Shader.cpp" />
    <ClCompile Include="Rendering\Mesh.cpp" />
  </ItemGroup>
</Project>